{
  "requires": true,
  "lockfileVersion": 1,
  "dependencies": {
    "react-multi-carousel": {
      "version": "2.6.2",
      "resolved": "https://registry.npmjs.org/react-multi-carousel/-/react-multi-carousel-2.6.2.tgz",
      "integrity": "sha512-qSrupBGazqYS/LVQAUCWiEAPhCrO0QufP5PcpDCA6Klig3egdNMwIdkkoU6Xlm9zEQ/hFp57bNr7F4sd0ANLyA=="
    }
  }
}
